Microsoft Visual Studio Solution File, Format Version 12.00
# Visual Studio 15
VisualStudioVersion = 15.0.27703.2026
MinimumVisualStudioVersion = 10.0.40219.1
Project("{FAE04EC0-301F-11D3-BF4B-00C04F79EFBC}") = "SharpKeys", "SharpKeys.csproj", "{8C3DB929-51B7-4B74-BBB9-69560732A834}"
EndProject
Global
	GlobalSection(SolutionConfigurationPlatforms) = preSolution
		Debug|Any CPU = Debug|Any CPU
		Release RT|Any CPU = Release RT|Any CPU
		Release|Any CPU = Release|Any CPU
	EndGlobalSection
	GlobalSection(ProjectConfigurationPlatforms) = postSolution
		{8C3DB929-51B7-4B74-BBB9-69560732A834}.Debug|Any CPU.ActiveCfg = Debug|Any CPU
		{8C3DB929-51B7-4B74-BBB9-69560732A834}.Debug|Any CPU.Build.0 = Debug|Any CPU
		{8C3DB929-51B7-4B74-BBB9-69560732A834}.Release RT|Any CPU.ActiveCfg = Release|Any CPU
		{8C3DB929-51B7-4B74-BBB9-69560732A834}.Release RT|Any CPU.Build.0 = Release|Any CPU
		{8C3DB929-51B7-4B74-BBB9-69560732A834}.Release|Any CPU.ActiveCfg = Release|Any CPU
		{8C3DB929-51B7-4B74-BBB9-69560732A834}.Release|Any CPU.Build.0 = Release|Any CPU
	EndGlobalSection
	GlobalSection(SolutionProperties) = preSolution
		HideSolutionNode = FALSE
	EndGlobalSection
	GlobalSection(ExtensibilityGlobals) = postSolution
		SolutionGuid = {6D8E6DB5-C551-4BBA-B209-5A78B5402AFE}
	EndGlobalSection
EndGlobal
